
Microsoft Visual Studio Solution File, Format Version 12.00
# Visual Studio Version 17
VisualStudioVersion = 17.3.32929.385
MinimumVisualStudioVersion = 10.0.40219.1
Project("{FAE04EC0-301F-11D3-BF4B-00C04F79EFBC}") = "WindowsFormsApp1", "WindowsFormsApp1\WindowsFormsApp1.csproj", "{755934CC-D2C4-431A-8CC0-BB4F17D6DF8B}"
EndProject
Project("{FAE04EC0-301F-11D3-BF4B-00C04F79EFBC}") = "LibAnimales", "LibAnimales\LibAnimales.csproj", "{BBFF36B0-7E59-45D1-AD36-2CAA7872B099}"
EndProject
Global
	GlobalSection(SolutionConfigurationPlatforms) = preSolution
		Debug|Any CPU = Debug|Any CPU
		Release|Any CPU = Release|Any CPU
	EndGlobalSection
	GlobalSection(ProjectConfigurationPlatforms) = postSolution
		{755934CC-D2C4-431A-8CC0-BB4F17D6DF8B}.Debug|Any CPU.ActiveCfg = Debug|Any CPU
		{755934CC-D2C4-431A-8CC0-BB4F17D6DF8B}.Debug|Any CPU.Build.0 = Debug|Any CPU
		{755934CC-D2C4-431A-8CC0-BB4F17D6DF8B}.Release|Any CPU.ActiveCfg = Release|Any CPU
		{755934CC-D2C4-431A-8CC0-BB4F17D6DF8B}.Release|Any CPU.Build.0 = Release|Any CPU
		{BBFF36B0-7E59-45D1-AD36-2CAA7872B099}.Debug|Any CPU.ActiveCfg = Debug|Any CPU
		{BBFF36B0-7E59-45D1-AD36-2CAA7872B099}.Debug|Any CPU.Build.0 = Debug|Any CPU
		{BBFF36B0-7E59-45D1-AD36-2CAA7872B099}.Release|Any CPU.ActiveCfg = Release|Any CPU
		{BBFF36B0-7E59-45D1-AD36-2CAA7872B099}.Release|Any CPU.Build.0 = Release|Any CPU
	EndGlobalSection
	GlobalSection(SolutionProperties) = preSolution
		HideSolutionNode = FALSE
	EndGlobalSection
	GlobalSection(ExtensibilityGlobals) = postSolution
		SolutionGuid = {E8AF6B68-5F19-4058-9611-364842A0432A}
	EndGlobalSection
EndGlobal
